#MicroXplorer Configuration settings - do not modify
CAD.formats=
CAD.pinconfig=
CAD.provider=
File.Version=6
GPIO.groupedBy=
KeepUserPlacement=false
Mcu.CPN=STM32F407VGT6
Mcu.Family=STM32F4
Mcu.IP0=DAC
Mcu.IP1=I2C2
Mcu.IP10=TIM9
Mcu.IP11=USART1
Mcu.IP2=NVIC
Mcu.IP3=RCC
Mcu.IP4=SPI1
Mcu.IP5=SYS
Mcu.IP6=TIM1
Mcu.IP7=TIM2
Mcu.IP8=TIM3
Mcu.IP9=TIM4
Mcu.IPNb=12
Mcu.Name=STM32F407V(E-G)Tx
Mcu.Package=LQFP100
Mcu.Pin0=PE5
Mcu.Pin1=PA0-WKUP
Mcu.Pin10=PB0
Mcu.Pin11=PB1
Mcu.Pin12=PE7
Mcu.Pin13=PE8
Mcu.Pin14=PE9
Mcu.Pin15=PE10
Mcu.Pin16=PE11
Mcu.Pin17=PE12
Mcu.Pin18=PE13
Mcu.Pin19=PE14
Mcu.Pin2=PA1
Mcu.Pin20=PE15
Mcu.Pin21=PB10
Mcu.Pin22=PB11
Mcu.Pin23=PD11
Mcu.Pin24=PD12
Mcu.Pin25=PC9
Mcu.Pin26=PA8
Mcu.Pin27=PA9
Mcu.Pin28=PA10
Mcu.Pin29=PA11
Mcu.Pin3=PA2
Mcu.Pin30=PA12
Mcu.Pin31=PC10
Mcu.Pin32=PB6
Mcu.Pin33=VP_SYS_VS_Systick
Mcu.Pin4=PA4
Mcu.Pin5=PA5
Mcu.Pin6=PA6
Mcu.Pin7=PA7
Mcu.Pin8=PC4
Mcu.Pin9=PC5
Mcu.PinsNb=34
Mcu.ThirdPartyNb=0
Mcu.UserConstants=
Mcu.UserName=STM32F407VGTx
MxCube.Version=6.9.2
MxDb.Version=DB.6.0.92
NVIC.BusFault_IRQn=true\:0\:0\:false\:false\:true\:false\:false\:false
NVIC.DebugMonitor_IRQn=true\:0\:0\:false\:false\:true\:false\:false\:false
NVIC.ForceEnableDMAVector=true
NVIC.HardFault_IRQn=true\:0\:0\:false\:false\:true\:false\:false\:false
NVIC.MemoryManagement_IRQn=true\:0\:0\:false\:false\:true\:false\:false\:false
NVIC.NonMaskableInt_IRQn=true\:0\:0\:false\:false\:true\:false\:false\:false
NVIC.PendSV_IRQn=true\:0\:0\:false\:false\:true\:false\:false\:false
NVIC.PriorityGroup=NVIC_PRIORITYGROUP_4
NVIC.SVCall_IRQn=true\:0\:0\:false\:false\:true\:false\:false\:false
NVIC.SysTick_IRQn=true\:15\:0\:false\:false\:true\:false\:true\:false
NVIC.UsageFault_IRQn=true\:0\:0\:false\:false\:true\:false\:false\:false
PA0-WKUP.Signal=S_TIM2_CH1_ETR
PA1.Signal=S_TIM2_CH2
PA10.Mode=Asynchronous
PA10.Signal=USART1_RX
PA11.Signal=S_TIM1_CH4
PA12.Locked=true
PA12.Signal=GPIO_Output
PA2.Locked=true
PA2.Signal=S_TIM2_CH3
PA4.Signal=COMP_DAC1_group
PA5.Mode=Full_Duplex_Master
PA5.Signal=SPI1_SCK
PA6.Mode=Full_Duplex_Master
PA6.Signal=SPI1_MISO
PA7.Mode=Full_Duplex_Master
PA7.Signal=SPI1_MOSI
PA8.Locked=true
PA8.Signal=GPIO_Input
PA9.Mode=Asynchronous
PA9.Signal=USART1_TX
PB0.Locked=true
PB0.Signal=GPIO_Input
PB1.Locked=true
PB1.Signal=GPIO_Input
PB10.Mode=I2C
PB10.Signal=I2C2_SCL
PB11.Mode=I2C
PB11.Signal=I2C2_SDA
PB6.Locked=true
PB6.Signal=GPIO_Input
PC10.Locked=true
PC10.Signal=GPIO_Output
PC4.Locked=true
PC4.Signal=GPIO_Output
PC5.Locked=true
PC5.Signal=GPIO_Input
PC9.Signal=S_TIM3_CH4
PD11.Locked=true
PD11.Signal=GPIO_Input
PD12.Signal=S_TIM4_CH1
PE10.Locked=true
PE10.Signal=GPIO_Output
PE11.Locked=true
PE11.Signal=GPIO_Output
PE12.Locked=true
PE12.Signal=GPIO_Input
PE13.Locked=true
PE13.Signal=GPIO_Input
PE14.Locked=true
PE14.Signal=GPIO_Input
PE15.Locked=true
PE15.Signal=GPIO_Input
PE5.Signal=S_TIM9_CH1
PE7.Locked=true
PE7.Signal=GPIO_Output
PE8.Locked=true
PE8.Signal=GPIO_Output
PE9.Locked=true
PE9.Signal=GPIO_Output
PinOutPanel.RotationAngle=0
ProjectManager.AskForMigrate=true
ProjectManager.BackupPrevious=false
ProjectManager.CompilerOptimize=6
ProjectManager.ComputerToolchain=false
ProjectManager.CoupleFile=false
ProjectManager.CustomerFirmwarePackage=
ProjectManager.DefaultFWLocation=true
ProjectManager.DeletePrevious=true
ProjectManager.DeviceId=STM32F407VGTx
ProjectManager.FirmwarePackage=STM32Cube FW_F4 V1.27.1
ProjectManager.FreePins=false
ProjectManager.HalAssertFull=false
ProjectManager.HeapSize=0x200
ProjectManager.KeepUserCode=true
ProjectManager.LastFirmware=true
ProjectManager.LibraryCopy=0
ProjectManager.MainLocation=Core/Src
ProjectManager.NoMain=false
ProjectManager.PreviousToolchain=
ProjectManager.ProjectBuild=false
ProjectManager.ProjectFileName=EtherCAT-PCB-v1.ioc
ProjectManager.ProjectName=EtherCAT-PCB-v1
ProjectManager.ProjectStructure=
ProjectManager.RegisterCallBack=
ProjectManager.StackSize=0x400
ProjectManager.TargetToolchain=EWARM V8.50
ProjectManager.ToolChainLocation=
ProjectManager.UAScriptAfterPath=
ProjectManager.UAScriptBeforePath=
ProjectManager.UnderRoot=false
ProjectManager.functionlistsort=1-SystemClock_Config-RCC-false-HAL-false,2-MX_GPIO_Init-GPIO-false-HAL-true,3-MX_DAC_Init-DAC-false-HAL-true,4-MX_I2C2_Init-I2C2-false-HAL-true,5-MX_SPI1_Init-SPI1-false-HAL-true,6-MX_TIM1_Init-TIM1-false-HAL-true,7-MX_TIM2_Init-TIM2-false-HAL-true,8-MX_TIM3_Init-TIM3-false-HAL-true,9-MX_TIM4_Init-TIM4-false-HAL-true,10-MX_USART1_UART_Init-USART1-false-HAL-true,11-MX_TIM5_Init-TIM5-false-HAL-true,12-MX_TIM9_Init-TIM9-false-HAL-true
RCC.AHBFreq_Value=16000000
RCC.APB1Freq_Value=16000000
RCC.APB2Freq_Value=16000000
RCC.CortexFreq_Value=16000000
RCC.FamilyName=M
RCC.HSE_VALUE=25000000
RCC.HSI_VALUE=16000000
RCC.I2SClocksFreq_Value=96000000
RCC.IPParameters=AHBFreq_Value,APB1Freq_Value,APB2Freq_Value,CortexFreq_Value,FamilyName,HSE_VALUE,HSI_VALUE,I2SClocksFreq_Value,LSE_VALUE,LSI_VALUE,PLLCLKFreq_Value,PLLQCLKFreq_Value,RTCFreq_Value,RTCHSEDivFreq_Value,SYSCLKFreq_VALUE,VCOI2SOutputFreq_Value,VCOInputFreq_Value,VCOOutputFreq_Value,VcooutputI2S
RCC.LSE_VALUE=32768
RCC.LSI_VALUE=32000
RCC.PLLCLKFreq_Value=96000000
RCC.PLLQCLKFreq_Value=48000000
RCC.RTCFreq_Value=32000
RCC.RTCHSEDivFreq_Value=12500000
RCC.SYSCLKFreq_VALUE=16000000
RCC.VCOI2SOutputFreq_Value=192000000
RCC.VCOInputFreq_Value=1000000
RCC.VCOOutputFreq_Value=192000000
RCC.VcooutputI2S=96000000
SH.COMP_DAC1_group.0=DAC_OUT1,DAC_OUT1
SH.COMP_DAC1_group.ConfNb=1
SH.S_TIM1_CH4.0=TIM1_CH4,PWM Generation4 CH4
SH.S_TIM1_CH4.ConfNb=1
SH.S_TIM2_CH1_ETR.0=TIM2_CH1,Encoder_Interface
SH.S_TIM2_CH1_ETR.ConfNb=1
SH.S_TIM2_CH2.0=TIM2_CH2,Encoder_Interface
SH.S_TIM2_CH2.ConfNb=1
SH.S_TIM2_CH3.0=TIM2_CH3
SH.S_TIM2_CH3.ConfNb=1
SH.S_TIM3_CH4.0=TIM3_CH4,PWM Generation4 CH4
SH.S_TIM3_CH4.ConfNb=1
SH.S_TIM4_CH1.0=TIM4_CH1,PWM Generation1 CH1
SH.S_TIM4_CH1.ConfNb=1
SH.S_TIM9_CH1.0=TIM9_CH1,PWM Generation1 CH1
SH.S_TIM9_CH1.ConfNb=1
SPI1.CalculateBaudRate=8.0 MBits/s
SPI1.Direction=SPI_DIRECTION_2LINES
SPI1.IPParameters=VirtualType,Mode,Direction,CalculateBaudRate
SPI1.Mode=SPI_MODE_MASTER
SPI1.VirtualType=VM_MASTER
TIM1.Channel-PWM\ Generation4\ CH4=TIM_CHANNEL_4
TIM1.IPParameters=Channel-PWM Generation4 CH4
TIM3.Channel-PWM\ Generation4\ CH4=TIM_CHANNEL_4
TIM3.IPParameters=Channel-PWM Generation4 CH4
TIM4.Channel-PWM\ Generation1\ CH1=TIM_CHANNEL_1
TIM4.IPParameters=Channel-PWM Generation1 CH1
TIM9.Channel-PWM\ Generation1\ CH1=TIM_CHANNEL_1
TIM9.IPParameters=Channel-PWM Generation1 CH1
USART1.IPParameters=VirtualMode
USART1.VirtualMode=VM_ASYNC
VP_SYS_VS_Systick.Mode=SysTick
VP_SYS_VS_Systick.Signal=SYS_VS_Systick
board=custom
